
Microsoft Visual Studio Solution File, Format Version 12.00
# Visual Studio Version 17
VisualStudioVersion = 17.6.33815.320
MinimumVisualStudioVersion = 10.0.40219.1
Project("{8BC9CEB8-8B4A-11D0-8D11-00A0C91BC942}") = "midterm067", "midterm067.vcxproj", "{507C6ACF-74AB-4E72-9FFE-64F74E83B209}"
EndProject
Global
	GlobalSection(SolutionConfigurationPlatforms) = preSolution
		Debug|x64 = Debug|x64
		Debug|x86 = Debug|x86
		Release|x64 = Release|x64
		Release|x86 = Release|x86
	EndGlobalSection
	GlobalSection(ProjectConfigurationPlatforms) = postSolution
		{507C6ACF-74AB-4E72-9FFE-64F74E83B209}.Debug|x64.ActiveCfg = Debug|x64
		{507C6ACF-74AB-4E72-9FFE-64F74E83B209}.Debug|x64.Build.0 = Debug|x64
		{507C6ACF-74AB-4E72-9FFE-64F74E83B209}.Debug|x86.ActiveCfg = Debug|Win32
		{507C6ACF-74AB-4E72-9FFE-64F74E83B209}.Debug|x86.Build.0 = Debug|Win32
		{507C6ACF-74AB-4E72-9FFE-64F74E83B209}.Release|x64.ActiveCfg = Release|x64
		{507C6ACF-74AB-4E72-9FFE-64F74E83B209}.Release|x64.Build.0 = Release|x64
		{507C6ACF-74AB-4E72-9FFE-64F74E83B209}.Release|x86.ActiveCfg = Release|Win32
		{507C6ACF-74AB-4E72-9FFE-64F74E83B209}.Release|x86.Build.0 = Release|Win32
	EndGlobalSection
	GlobalSection(SolutionProperties) = preSolution
		HideSolutionNode = FALSE
	EndGlobalSection
	GlobalSection(ExtensibilityGlobals) = postSolution
		SolutionGuid = {A5A1A3C0-B7C6-4277-AAD4-E70662C08BA9}
	EndGlobalSection
EndGlobal
